
Microsoft Visual Studio Solution File, Format Version 12.00
# Visual Studio Version 16
VisualStudioVersion = 16.0.30413.136
MinimumVisualStudioVersion = 10.0.40219.1
Project("{FAE04EC0-301F-11D3-BF4B-00C04F79EFBC}") = "OutcomeManagementSystem", "OutcomeManagementSystem.csproj", "{A0B2ABFA-5EBF-4764-9110-E2C664D79896}"
EndProject
Global
	GlobalSection(SolutionConfigurationPlatforms) = preSolution
		Debug|Any CPU = Debug|Any CPU
		Release|Any CPU = Release|Any CPU
	EndGlobalSection
	GlobalSection(ProjectConfigurationPlatforms) = postSolution
		{A0B2ABFA-5EBF-4764-9110-E2C664D79896}.Debug|Any CPU.ActiveCfg = Debug|Any CPU
		{A0B2ABFA-5EBF-4764-9110-E2C664D79896}.Debug|Any CPU.Build.0 = Debug|Any CPU
		{A0B2ABFA-5EBF-4764-9110-E2C664D79896}.Release|Any CPU.ActiveCfg = Release|Any CPU
		{A0B2ABFA-5EBF-4764-9110-E2C664D79896}.Release|Any CPU.Build.0 = Release|Any CPU
	EndGlobalSection
	GlobalSection(SolutionProperties) = preSolution
		HideSolutionNode = FALSE
	EndGlobalSection
	GlobalSection(ExtensibilityGlobals) = postSolution
		SolutionGuid = {9ECDF054-42A1-47CB-9019-B5F013CD1E80}
	EndGlobalSection
EndGlobal
